
Microsoft Visual Studio Solution File, Format Version 12.00
# Visual Studio Version 16
VisualStudioVersion = 16.0.34729.46
MinimumVisualStudioVersion = 10.0.40219.1
Project("{FAE04EC0-301F-11D3-BF4B-00C04F79EFBC}") = "ConsoleApp1", "ConsoleApp1\ConsoleApp1.csproj", "{9C693306-7310-46C9-B5DE-A4E70D2B20DC}"
EndProject
Project("{FAE04EC0-301F-11D3-BF4B-00C04F79EFBC}") = "ConsoleApp2", "ConsoleApp2\ConsoleApp2.csproj", "{0479EA05-9540-494F-BC31-6F468CFEADE0}"
EndProject
Project("{FAE04EC0-301F-11D3-BF4B-00C04F79EFBC}") = "ConsoleApp3", "ConsoleApp3\ConsoleApp3.csproj", "{818E322E-3873-4E9A-A4DC-4BAC0BB20B7F}"
EndProject
Global
	GlobalSection(SolutionConfigurationPlatforms) = preSolution
		Debug|Any CPU = Debug|Any CPU
		Release|Any CPU = Release|Any CPU
	EndGlobalSection
	GlobalSection(ProjectConfigurationPlatforms) = postSolution
		{9C693306-7310-46C9-B5DE-A4E70D2B20DC}.Debug|Any CPU.ActiveCfg = Debug|Any CPU
		{9C693306-7310-46C9-B5DE-A4E70D2B20DC}.Debug|Any CPU.Build.0 = Debug|Any CPU
		{9C693306-7310-46C9-B5DE-A4E70D2B20DC}.Release|Any CPU.ActiveCfg = Release|Any CPU
		{9C693306-7310-46C9-B5DE-A4E70D2B20DC}.Release|Any CPU.Build.0 = Release|Any CPU
		{0479EA05-9540-494F-BC31-6F468CFEADE0}.Debug|Any CPU.ActiveCfg = Debug|Any CPU
		{0479EA05-9540-494F-BC31-6F468CFEADE0}.Debug|Any CPU.Build.0 = Debug|Any CPU
		{0479EA05-9540-494F-BC31-6F468CFEADE0}.Release|Any CPU.ActiveCfg = Release|Any CPU
		{0479EA05-9540-494F-BC31-6F468CFEADE0}.Release|Any CPU.Build.0 = Release|Any CPU
		{818E322E-3873-4E9A-A4DC-4BAC0BB20B7F}.Debug|Any CPU.ActiveCfg = Debug|Any CPU
		{818E322E-3873-4E9A-A4DC-4BAC0BB20B7F}.Debug|Any CPU.Build.0 = Debug|Any CPU
		{818E322E-3873-4E9A-A4DC-4BAC0BB20B7F}.Release|Any CPU.ActiveCfg = Release|Any CPU
		{818E322E-3873-4E9A-A4DC-4BAC0BB20B7F}.Release|Any CPU.Build.0 = Release|Any CPU
	EndGlobalSection
	GlobalSection(SolutionProperties) = preSolution
		HideSolutionNode = FALSE
	EndGlobalSection
	GlobalSection(ExtensibilityGlobals) = postSolution
		SolutionGuid = {ACF5969D-1AE1-4F92-BEFF-41FB2CC4C772}
	EndGlobalSection
EndGlobal
